
Microsoft Visual Studio Solution File, Format Version 12.00
# Visual Studio Version 17
VisualStudioVersion = 17.4.33213.308
MinimumVisualStudioVersion = 10.0.40219.1
Project("{9A19103F-16F7-4668-BE54-9A1E7A4F7556}") = "KnowledgeZone.Api", "KnowledgeZone.Api\KnowledgeZone.Api.csproj", "{585C1DA1-30FA-4D03-A194-524917199ABF}"
EndProject
Project("{9A19103F-16F7-4668-BE54-9A1E7A4F7556}") = "KnowledgeZone.Domain", "KnowledgeZone.Domain\KnowledgeZone.Domain.csproj", "{48040221-3418-4492-BC4F-C3B88D5DF742}"
EndProject
Project("{9A19103F-16F7-4668-BE54-9A1E7A4F7556}") = "KnowledgeZone.Infrastructure", "KnowledgeZone.Infrastructure\KnowledgeZone.Infrastructure.csproj", "{8015BB89-C0B0-43EE-9B4A-12E65E54A798}"
EndProject
Global
	GlobalSection(SolutionConfigurationPlatforms) = preSolution
		Debug|Any CPU = Debug|Any CPU
		Release|Any CPU = Release|Any CPU
	EndGlobalSection
	GlobalSection(ProjectConfigurationPlatforms) = postSolution
		{585C1DA1-30FA-4D03-A194-524917199ABF}.Debug|Any CPU.ActiveCfg = Debug|Any CPU
		{585C1DA1-30FA-4D03-A194-524917199ABF}.Debug|Any CPU.Build.0 = Debug|Any CPU
		{585C1DA1-30FA-4D03-A194-524917199ABF}.Release|Any CPU.ActiveCfg = Release|Any CPU
		{585C1DA1-30FA-4D03-A194-524917199ABF}.Release|Any CPU.Build.0 = Release|Any CPU
		{48040221-3418-4492-BC4F-C3B88D5DF742}.Debug|Any CPU.ActiveCfg = Debug|Any CPU
		{48040221-3418-4492-BC4F-C3B88D5DF742}.Debug|Any CPU.Build.0 = Debug|Any CPU
		{48040221-3418-4492-BC4F-C3B88D5DF742}.Release|Any CPU.ActiveCfg = Release|Any CPU
		{48040221-3418-4492-BC4F-C3B88D5DF742}.Release|Any CPU.Build.0 = Release|Any CPU
		{8015BB89-C0B0-43EE-9B4A-12E65E54A798}.Debug|Any CPU.ActiveCfg = Debug|Any CPU
		{8015BB89-C0B0-43EE-9B4A-12E65E54A798}.Debug|Any CPU.Build.0 = Debug|Any CPU
		{8015BB89-C0B0-43EE-9B4A-12E65E54A798}.Release|Any CPU.ActiveCfg = Release|Any CPU
		{8015BB89-C0B0-43EE-9B4A-12E65E54A798}.Release|Any CPU.Build.0 = Release|Any CPU
	EndGlobalSection
	GlobalSection(SolutionProperties) = preSolution
		HideSolutionNode = FALSE
	EndGlobalSection
	GlobalSection(ExtensibilityGlobals) = postSolution
		SolutionGuid = {D58C3306-A7F6-4950-A7C4-E4B2B86281CD}
	EndGlobalSection
EndGlobal
